
Microsoft Visual Studio Solution File, Format Version 12.00
# Visual Studio Version 16
VisualStudioVersion = 16.0.31129.286
MinimumVisualStudioVersion = 10.0.40219.1
Project("{FAE04EC0-301F-11D3-BF4B-00C04F79EFBC}") = "CanREL", "CanREL\CanREL.csproj", "{2A9A32FE-DAEB-4649-BC98-865F73800B54}"
EndProject
Global
	GlobalSection(SolutionConfigurationPlatforms) = preSolution
		Debug|Any CPU = Debug|Any CPU
		Release|Any CPU = Release|Any CPU
	EndGlobalSection
	GlobalSection(ProjectConfigurationPlatforms) = postSolution
		{2A9A32FE-DAEB-4649-BC98-865F73800B54}.Debug|Any CPU.ActiveCfg = Debug|Any CPU
		{2A9A32FE-DAEB-4649-BC98-865F73800B54}.Debug|Any CPU.Build.0 = Debug|Any CPU
		{2A9A32FE-DAEB-4649-BC98-865F73800B54}.Release|Any CPU.ActiveCfg = Release|Any CPU
		{2A9A32FE-DAEB-4649-BC98-865F73800B54}.Release|Any CPU.Build.0 = Release|Any CPU
	EndGlobalSection
	GlobalSection(SolutionProperties) = preSolution
		HideSolutionNode = FALSE
	EndGlobalSection
	GlobalSection(ExtensibilityGlobals) = postSolution
		SolutionGuid = {A810ACED-3CCA-4B6D-8805-A82B43B7CD6A}
	EndGlobalSection
EndGlobal
